
Microsoft Visual Studio Solution File, Format Version 12.00
# Visual Studio Version 17
VisualStudioVersion = 17.7.34221.43
MinimumVisualStudioVersion = 10.0.40219.1
Project("{FAE04EC0-301F-11D3-BF4B-00C04F79EFBC}") = "MVC", "MVC\MVC.csproj", "{CBE31A7C-0C33-4227-A0DE-6C6EB859D708}"
EndProject
Project("{FAE04EC0-301F-11D3-BF4B-00C04F79EFBC}") = "DataAccess", "DataAccess\DataAccess.csproj", "{9E4C6AD2-3DB6-4588-9799-ECC08765DB60}"
EndProject
Project("{FAE04EC0-301F-11D3-BF4B-00C04F79EFBC}") = "Business", "Business\Business.csproj", "{51C907C2-C9C2-45C5-98DE-1919D1341056}"
EndProject
Global
	GlobalSection(SolutionConfigurationPlatforms) = preSolution
		Debug|Any CPU = Debug|Any CPU
		Release|Any CPU = Release|Any CPU
	EndGlobalSection
	GlobalSection(ProjectConfigurationPlatforms) = postSolution
		{CBE31A7C-0C33-4227-A0DE-6C6EB859D708}.Debug|Any CPU.ActiveCfg = Debug|Any CPU
		{CBE31A7C-0C33-4227-A0DE-6C6EB859D708}.Debug|Any CPU.Build.0 = Debug|Any CPU
		{CBE31A7C-0C33-4227-A0DE-6C6EB859D708}.Release|Any CPU.ActiveCfg = Release|Any CPU
		{CBE31A7C-0C33-4227-A0DE-6C6EB859D708}.Release|Any CPU.Build.0 = Release|Any CPU
		{9E4C6AD2-3DB6-4588-9799-ECC08765DB60}.Debug|Any CPU.ActiveCfg = Debug|Any CPU
		{9E4C6AD2-3DB6-4588-9799-ECC08765DB60}.Debug|Any CPU.Build.0 = Debug|Any CPU
		{9E4C6AD2-3DB6-4588-9799-ECC08765DB60}.Release|Any CPU.ActiveCfg = Release|Any CPU
		{9E4C6AD2-3DB6-4588-9799-ECC08765DB60}.Release|Any CPU.Build.0 = Release|Any CPU
		{51C907C2-C9C2-45C5-98DE-1919D1341056}.Debug|Any CPU.ActiveCfg = Debug|Any CPU
		{51C907C2-C9C2-45C5-98DE-1919D1341056}.Debug|Any CPU.Build.0 = Debug|Any CPU
		{51C907C2-C9C2-45C5-98DE-1919D1341056}.Release|Any CPU.ActiveCfg = Release|Any CPU
		{51C907C2-C9C2-45C5-98DE-1919D1341056}.Release|Any CPU.Build.0 = Release|Any CPU
	EndGlobalSection
	GlobalSection(SolutionProperties) = preSolution
		HideSolutionNode = FALSE
	EndGlobalSection
	GlobalSection(ExtensibilityGlobals) = postSolution
		SolutionGuid = {8FACEB82-BA33-40E3-AF03-078B1D078657}
	EndGlobalSection
EndGlobal
